
Microsoft Visual Studio Solution File, Format Version 12.00
# Visual Studio 15
VisualStudioVersion = 15.0.27004.2006
MinimumVisualStudioVersion = 10.0.40219.1
Project("{FAE04EC0-301F-11D3-BF4B-00C04F79EFBC}") = "Sys.Data", "Sys.Data\Sys.Data.csproj", "{74ACD6D7-2A19-4592-8637-3E8A8B2A5BAF}"
EndProject
Project("{FAE04EC0-301F-11D3-BF4B-00C04F79EFBC}") = "Sys.Entity", "Sys.Entity\Sys.Entity.csproj", "{7F0667C9-E7B3-43B9-807C-60BF9DAA404F}"
EndProject
Project("{FAE04EC0-301F-11D3-BF4B-00C04F79EFBC}") = "Sys.WebApi", "Sys.WebApi\Sys.WebApi.csproj", "{6EC4CBFF-CA9A-45AD-B19F-E3E5C054E5A3}"
EndProject
Global
	GlobalSection(SolutionConfigurationPlatforms) = preSolution
		Debug|Any CPU = Debug|Any CPU
		Release|Any CPU = Release|Any CPU
	EndGlobalSection
	GlobalSection(ProjectConfigurationPlatforms) = postSolution
		{74ACD6D7-2A19-4592-8637-3E8A8B2A5BAF}.Debug|Any CPU.ActiveCfg = Debug|Any CPU
		{74ACD6D7-2A19-4592-8637-3E8A8B2A5BAF}.Debug|Any CPU.Build.0 = Debug|Any CPU
		{74ACD6D7-2A19-4592-8637-3E8A8B2A5BAF}.Release|Any CPU.ActiveCfg = Release|Any CPU
		{74ACD6D7-2A19-4592-8637-3E8A8B2A5BAF}.Release|Any CPU.Build.0 = Release|Any CPU
		{7F0667C9-E7B3-43B9-807C-60BF9DAA404F}.Debug|Any CPU.ActiveCfg = Debug|Any CPU
		{7F0667C9-E7B3-43B9-807C-60BF9DAA404F}.Debug|Any CPU.Build.0 = Debug|Any CPU
		{7F0667C9-E7B3-43B9-807C-60BF9DAA404F}.Release|Any CPU.ActiveCfg = Release|Any CPU
		{7F0667C9-E7B3-43B9-807C-60BF9DAA404F}.Release|Any CPU.Build.0 = Release|Any CPU
		{6EC4CBFF-CA9A-45AD-B19F-E3E5C054E5A3}.Debug|Any CPU.ActiveCfg = Debug|Any CPU
		{6EC4CBFF-CA9A-45AD-B19F-E3E5C054E5A3}.Debug|Any CPU.Build.0 = Debug|Any CPU
		{6EC4CBFF-CA9A-45AD-B19F-E3E5C054E5A3}.Release|Any CPU.ActiveCfg = Release|Any CPU
		{6EC4CBFF-CA9A-45AD-B19F-E3E5C054E5A3}.Release|Any CPU.Build.0 = Release|Any CPU
	EndGlobalSection
	GlobalSection(SolutionProperties) = preSolution
		HideSolutionNode = FALSE
	EndGlobalSection
	GlobalSection(ExtensibilityGlobals) = postSolution
		SolutionGuid = {ACBBA926-FC86-44AF-8C00-3950686F6E7C}
	EndGlobalSection
EndGlobal
